
Microsoft Visual Studio Solution File, Format Version 12.00
# Visual Studio 15
VisualStudioVersion = 15.0.28307.421
MinimumVisualStudioVersion = 10.0.40219.1
Project("{FAE04EC0-301F-11D3-BF4B-00C04F79EFBC}") = "DatabaseFirst_Lab", "DatabaseFirst_Lab\DatabaseFirst_Lab.csproj", "{7BDCC3F0-2818-43CD-A885-50E0611523F9}"
EndProject
Global
	GlobalSection(SolutionConfigurationPlatforms) = preSolution
		Debug|Any CPU = Debug|Any CPU
		Release|Any CPU = Release|Any CPU
	EndGlobalSection
	GlobalSection(ProjectConfigurationPlatforms) = postSolution
		{7BDCC3F0-2818-43CD-A885-50E0611523F9}.Debug|Any CPU.ActiveCfg = Debug|Any CPU
		{7BDCC3F0-2818-43CD-A885-50E0611523F9}.Debug|Any CPU.Build.0 = Debug|Any CPU
		{7BDCC3F0-2818-43CD-A885-50E0611523F9}.Release|Any CPU.ActiveCfg = Release|Any CPU
		{7BDCC3F0-2818-43CD-A885-50E0611523F9}.Release|Any CPU.Build.0 = Release|Any CPU
	EndGlobalSection
	GlobalSection(SolutionProperties) = preSolution
		HideSolutionNode = FALSE
	EndGlobalSection
	GlobalSection(ExtensibilityGlobals) = postSolution
		SolutionGuid = {90C6D914-344E-402C-A706-9410889F1969}
	EndGlobalSection
EndGlobal
